
Microsoft Visual Studio Solution File, Format Version 12.00
# Visual Studio Version 17
VisualStudioVersion = 17.10.34928.147
MinimumVisualStudioVersion = 10.0.40219.1
Project("{FAE04EC0-301F-11D3-BF4B-00C04F79EFBC}") = "Solvify.Cli", "Solvify.Cli\Solvify.Cli.csproj", "{4544A292-A192-47B1-9565-DBD2F4B1EC15}"
EndProject
Global
	GlobalSection(SolutionConfigurationPlatforms) = preSolution
		Debug|Any CPU = Debug|Any CPU
		Release|Any CPU = Release|Any CPU
	EndGlobalSection
	GlobalSection(ProjectConfigurationPlatforms) = postSolution
		{4544A292-A192-47B1-9565-DBD2F4B1EC15}.Debug|Any CPU.ActiveCfg = Debug|Any CPU
		{4544A292-A192-47B1-9565-DBD2F4B1EC15}.Debug|Any CPU.Build.0 = Debug|Any CPU
		{4544A292-A192-47B1-9565-DBD2F4B1EC15}.Release|Any CPU.ActiveCfg = Release|Any CPU
		{4544A292-A192-47B1-9565-DBD2F4B1EC15}.Release|Any CPU.Build.0 = Release|Any CPU
	EndGlobalSection
	GlobalSection(SolutionProperties) = preSolution
		HideSolutionNode = FALSE
	EndGlobalSection
	GlobalSection(ExtensibilityGlobals) = postSolution
		SolutionGuid = {EA54901C-1C2D-43BE-9DDD-2782CAC2EF35}
	EndGlobalSection
EndGlobal
